// !$*UTF8*$!
{
	archiveVersion = 1;
	classes = {
	};
	objectVersion = 51;
	objects = {

/* Begin PBXBuildFile section */
		AB818929CBBB3B6B08E8EAAC /* Pods_iplix.framework in Frameworks */ = {isa = PBXBuildFile; fileRef = 9B72811C399B0BF9AC7ED6CB /* Pods_iplix.framework */; };
		C805CEE3244D75CC0055D47C /* ProductionCompany.swift in Sources */ = {isa = PBXBuildFile; fileRef = C805CEE2244D75CC0055D47C /* ProductionCompany.swift */; };
		C805CEE5244D76820055D47C /* MovieDetail.swift in Sources */ = {isa = PBXBuildFile; fileRef = C805CEE4244D76820055D47C /* MovieDetail.swift */; };
		C807424B2462936B001A74F8 /* HamburgerMenu.swift in Sources */ = {isa = PBXBuildFile; fileRef = C807424A2462936A001A74F8 /* HamburgerMenu.swift */; };
		C807424D24629377001A74F8 /* HamburgerMenu.xib in Resources */ = {isa = PBXBuildFile; fileRef = C807424C24629377001A74F8 /* HamburgerMenu.xib */; };
		C810531F245041200005DBA7 /* ProfileTableViewCell.swift in Sources */ = {isa = PBXBuildFile; fileRef = C810531E245041200005DBA7 /* ProfileTableViewCell.swift */; };
		C81053212450412D0005DBA7 /* NameProfileTableViewCell.swift in Sources */ = {isa = PBXBuildFile; fileRef = C81053202450412D0005DBA7 /* NameProfileTableViewCell.swift */; };
		C81053232450413A0005DBA7 /* EmailProfileTableViewCell.swift in Sources */ = {isa = PBXBuildFile; fileRef = C81053222450413A0005DBA7 /* EmailProfileTableViewCell.swift */; };
		C82B8A0C246B932200C9DC2F /* TestViewController.swift in Sources */ = {isa = PBXBuildFile; fileRef = C82B8A0A246B932200C9DC2F /* TestViewController.swift */; };
		C82B8A0D246B932200C9DC2F /* TestViewController.xib in Resources */ = {isa = PBXBuildFile; fileRef = C82B8A0B246B932200C9DC2F /* TestViewController.xib */; };
		C82B8A0F246BD7F300C9DC2F /* Filter.swift in Sources */ = {isa = PBXBuildFile; fileRef = C82B8A0E246BD7F300C9DC2F /* Filter.swift */; };
		C82C9FA224692A72006A9204 /* FilterTableViewCell.swift in Sources */ = {isa = PBXBuildFile; fileRef = C82C9FA024692A72006A9204 /* FilterTableViewCell.swift */; };
		C82C9FA324692A72006A9204 /* FilterTableViewCell.xib in Resources */ = {isa = PBXBuildFile; fileRef = C82C9FA124692A72006A9204 /* FilterTableViewCell.xib */; };
		C82DA46D246ADEBE00B5A52E /* ChipsCollectionViewCell.swift in Sources */ = {isa = PBXBuildFile; fileRef = C82DA46B246ADEBE00B5A52E /* ChipsCollectionViewCell.swift */; };
		C82DA46E246ADEBE00B5A52E /* ChipsCollectionViewCell.xib in Resources */ = {isa = PBXBuildFile; fileRef = C82DA46C246ADEBE00B5A52E /* ChipsCollectionViewCell.xib */; };
		C82DA470246AEDBE00B5A52E /* Testing.xib in Resources */ = {isa = PBXBuildFile; fileRef = C82DA46F246AEDBE00B5A52E /* Testing.xib */; };
		C82E1514245A97E8004F3C6E /* StarRatingTableViewCell.xib in Resources */ = {isa = PBXBuildFile; fileRef = C82E1513245A97E8004F3C6E /* StarRatingTableViewCell.xib */; };
		C82E1516245A981F004F3C6E /* TitleReviewTableViewCell.xib in Resources */ = {isa = PBXBuildFile; fileRef = C82E1515245A981F004F3C6E /* TitleReviewTableViewCell.xib */; };
		C82E1518245A9842004F3C6E /* ReviewCommentTableViewCell.xib in Resources */ = {isa = PBXBuildFile; fileRef = C82E1517245A9842004F3C6E /* ReviewCommentTableViewCell.xib */; };
		C82E151B245A9BB1004F3C6E /* NotificationTableViewCell.swift in Sources */ = {isa = PBXBuildFile; fileRef = C82E1519245A9BB1004F3C6E /* NotificationTableViewCell.swift */; };
		C82E151C245A9BB1004F3C6E /* NotificationTableViewCell.xib in Resources */ = {isa = PBXBuildFile; fileRef = C82E151A245A9BB1004F3C6E /* NotificationTableViewCell.xib */; };
		C82E151F245A9D3C004F3C6E /* Notifications.swift in Sources */ = {isa = PBXBuildFile; fileRef = C82E151E245A9D3C004F3C6E /* Notifications.swift */; };
		C833084324653081005E03BE /* BottomSheetView.xib in Resources */ = {isa = PBXBuildFile; fileRef = C833084224653081005E03BE /* BottomSheetView.xib */; };
		C8330845246543B6005E03BE /* BottomSheetView.swift in Sources */ = {isa = PBXBuildFile; fileRef = C8330844246543B6005E03BE /* BottomSheetView.swift */; };
		C838C1C1243ECEE700E106EE /* AccountViewController.swift in Sources */ = {isa = PBXBuildFile; fileRef = C838C1C0243ECEE700E106EE /* AccountViewController.swift */; };
		C838C1C7243F08E900E106EE /* GoogleService-Info.plist in Resources */ = {isa = PBXBuildFile; fileRef = C838C1C6243F08E900E106EE /* GoogleService-Info.plist */; };
		C83AF17B244EEB1E00AFED09 /* NotificationViewController.swift in Sources */ = {isa = PBXBuildFile; fileRef = C83AF17A244EEB1E00AFED09 /* NotificationViewController.swift */; };
		C8435E932456C61400BCD782 /* AccountTableViewCell.swift in Sources */ = {isa = PBXBuildFile; fileRef = C8435E912456C61400BCD782 /* AccountTableViewCell.swift */; };
		C8435E942456C61400BCD782 /* AccountTableViewCell.xib in Resources */ = {isa = PBXBuildFile; fileRef = C8435E922456C61400BCD782 /* AccountTableViewCell.xib */; };
		C8435E972456CE0500BCD782 /* LogoutTableViewCell.swift in Sources */ = {isa = PBXBuildFile; fileRef = C8435E952456CE0500BCD782 /* LogoutTableViewCell.swift */; };
		C8435E982456CE0500BCD782 /* LogoutTableViewCell.xib in Resources */ = {isa = PBXBuildFile; fileRef = C8435E962456CE0500BCD782 /* LogoutTableViewCell.xib */; };
		C8435E9A2456EAAB00BCD782 /* ProfileTableViewCell.xib in Resources */ = {isa = PBXBuildFile; fileRef = C8435E992456EAAB00BCD782 /* ProfileTableViewCell.xib */; };
		C8435E9C2456ECD900BCD782 /* NameProfileTableViewCell.xib in Resources */ = {isa = PBXBuildFile; fileRef = C8435E9B2456ECD900BCD782 /* NameProfileTableViewCell.xib */; };
		C8435E9E2456EFA600BCD782 /* EmailProfileTableViewCell.xib in Resources */ = {isa = PBXBuildFile; fileRef = C8435E9D2456EFA600BCD782 /* EmailProfileTableViewCell.xib */; };
		C84C4827244422B7003FF8B1 /* SearchTableViewCell.swift in Sources */ = {isa = PBXBuildFile; fileRef = C84C4825244422B7003FF8B1 /* SearchTableViewCell.swift */; };
		C84C4828244422B7003FF8B1 /* SearchTableViewCell.xib in Resources */ = {isa = PBXBuildFile; fileRef = C84C4826244422B7003FF8B1 /* SearchTableViewCell.xib */; };
		C84C482A244444E4003FF8B1 /* LoginViewController.swift in Sources */ = {isa = PBXBuildFile; fileRef = C84C4829244444E4003FF8B1 /* LoginViewController.swift */; };
		C84C482C24444A4A003FF8B1 /* RegisterViewController.swift in Sources */ = {isa = PBXBuildFile; fileRef = C84C482B24444A4A003FF8B1 /* RegisterViewController.swift */; };
		C84C482E2444526A003FF8B1 /* DetailAccountViewController.swift in Sources */ = {isa = PBXBuildFile; fileRef = C84C482D24445269003FF8B1 /* DetailAccountViewController.swift */; };
		C85B238124611C0300C9635A /* AlertView.xib in Resources */ = {isa = PBXBuildFile; fileRef = C85B237F24611C0300C9635A /* AlertView.xib */; };
		C85B2383246148E500C9635A /* AlertView.swift in Sources */ = {isa = PBXBuildFile; fileRef = C85B2382246148E500C9635A /* AlertView.swift */; };
		C85C7615243C36C3001C3CB1 /* CommentTableViewCell.swift in Sources */ = {isa = PBXBuildFile; fileRef = C85C7613243C36C3001C3CB1 /* CommentTableViewCell.swift */; };
		C85C7616243C36C3001C3CB1 /* CommentTableViewCell.xib in Resources */ = {isa = PBXBuildFile; fileRef = C85C7614243C36C3001C3CB1 /* CommentTableViewCell.xib */; };
		C85C761C243C4C1B001C3CB1 /* MovieTableViewCell.swift in Sources */ = {isa = PBXBuildFile; fileRef = C85C761A243C4C1B001C3CB1 /* MovieTableViewCell.swift */; };
		C85C761D243C4C1B001C3CB1 /* MovieTableViewCell.xib in Resources */ = {isa = PBXBuildFile; fileRef = C85C761B243C4C1B001C3CB1 /* MovieTableViewCell.xib */; };
		C85C761F243C789B001C3CB1 /* CastSegmentTableViewCell.swift in Sources */ = {isa = PBXBuildFile; fileRef = C85C761E243C789B001C3CB1 /* CastSegmentTableViewCell.swift */; };
		C85C7621243C7911001C3CB1 /* Casts.swift in Sources */ = {isa = PBXBuildFile; fileRef = C85C7620243C7911001C3CB1 /* Casts.swift */; };
		C8783CD32434A1920015F92B /* CategoryPageViewController.swift in Sources */ = {isa = PBXBuildFile; fileRef = C8783CD22434A1920015F92B /* CategoryPageViewController.swift */; };
		C87A751F2445AE5700FF7F65 /* FavoriteViewController.swift in Sources */ = {isa = PBXBuildFile; fileRef = C87A751E2445AE5600FF7F65 /* FavoriteViewController.swift */; };
		C883F515243893AD00B8E791 /* AboutSegmentTableViewCell.swift in Sources */ = {isa = PBXBuildFile; fileRef = C883F514243893AD00B8E791 /* AboutSegmentTableViewCell.swift */; };
		C883F51A2438AC8400B8E791 /* RatingTableViewCell.swift in Sources */ = {isa = PBXBuildFile; fileRef = C883F5182438AC8400B8E791 /* RatingTableViewCell.swift */; };
		C883F51B2438AC8400B8E791 /* RatingTableViewCell.xib in Resources */ = {isa = PBXBuildFile; fileRef = C883F5192438AC8400B8E791 /* RatingTableViewCell.xib */; };
		C883F51E2438B9C400B8E791 /* AddReviewTableViewCell.swift in Sources */ = {isa = PBXBuildFile; fileRef = C883F51C2438B9C400B8E791 /* AddReviewTableViewCell.swift */; };
		C883F51F2438B9C400B8E791 /* AddReviewTableViewCell.xib in Resources */ = {isa = PBXBuildFile; fileRef = C883F51D2438B9C400B8E791 /* AddReviewTableViewCell.xib */; };
		C883F5212438BEFC00B8E791 /* AddReviewViewController.swift in Sources */ = {isa = PBXBuildFile; fileRef = C883F5202438BEFC00B8E791 /* AddReviewViewController.swift */; };
		C888BE182448303C0040F435 /* Constants.swift in Sources */ = {isa = PBXBuildFile; fileRef = C888BE172448303C0040F435 /* Constants.swift */; };
		C888BE1C244841C40040F435 /* Helper.swift in Sources */ = {isa = PBXBuildFile; fileRef = C888BE1B244841C40040F435 /* Helper.swift */; };
		C888BE1E244857D40040F435 /* Ratings.swift in Sources */ = {isa = PBXBuildFile; fileRef = C888BE1D244857D30040F435 /* Ratings.swift */; };
		C88975ED245960BB00370BF5 /* CastSegmentTableViewCell.xib in Resources */ = {isa = PBXBuildFile; fileRef = C88975EC245960BB00370BF5 /* CastSegmentTableViewCell.xib */; };
		C88975EF2459611800370BF5 /* InformationTableViewCell.xib in Resources */ = {isa = PBXBuildFile; fileRef = C88975EE2459611800370BF5 /* InformationTableViewCell.xib */; };
		C88E0D37243F1DDC009AFC2D /* SearchViewController.swift in Sources */ = {isa = PBXBuildFile; fileRef = C88E0D36243F1DDC009AFC2D /* SearchViewController.swift */; };
		C89304342434693D00938A2D /* AppDelegate.swift in Sources */ = {isa = PBXBuildFile; fileRef = C89304332434693D00938A2D /* AppDelegate.swift */; };
		C89304362434693D00938A2D /* SceneDelegate.swift in Sources */ = {isa = PBXBuildFile; fileRef = C89304352434693D00938A2D /* SceneDelegate.swift */; };
		C89304382434693D00938A2D /* ViewController.swift in Sources */ = {isa = PBXBuildFile; fileRef = C89304372434693D00938A2D /* ViewController.swift */; };
		C893043B2434693D00938A2D /* Main.storyboard in Resources */ = {isa = PBXBuildFile; fileRef = C89304392434693D00938A2D /* Main.storyboard */; };
		C893043D2434694100938A2D /* Assets.xcassets in Resources */ = {isa = PBXBuildFile; fileRef = C893043C2434694100938A2D /* Assets.xcassets */; };
		C89304402434694100938A2D /* LaunchScreen.storyboard in Resources */ = {isa = PBXBuildFile; fileRef = C893043E2434694100938A2D /* LaunchScreen.storyboard */; };
		C8983739243B66C800ECFCF7 /* RatingTableViewCell.1xib in Resources */ = {isa = PBXBuildFile; fileRef = C8983738243B66C800ECFCF7 /* RatingTableViewCell.1xib */; };
		C8AE94F02459577C00267397 /* AboutSegmentTableViewCell.xib in Resources */ = {isa = PBXBuildFile; fileRef = C8AE94EF2459577C00267397 /* AboutSegmentTableViewCell.xib */; };
		C8AEF9ED2447392F002B2158 /* Review.swift in Sources */ = {isa = PBXBuildFile; fileRef = C8AEF9EC2447392F002B2158 /* Review.swift */; };
		C8B0D3B7243886EB005D3941 /* MovieDetailViewController.swift in Sources */ = {isa = PBXBuildFile; fileRef = C8B0D3B6243886EB005D3941 /* MovieDetailViewController.swift */; };
		C8B83A68243D7E97002EF03D /* SlideCollectionViewCell.swift in Sources */ = {isa = PBXBuildFile; fileRef = C8B83A66243D7E97002EF03D /* SlideCollectionViewCell.swift */; };
		C8B83A69243D7E97002EF03D /* SlideCollectionViewCell.xib in Resources */ = {isa = PBXBuildFile; fileRef = C8B83A67243D7E97002EF03D /* SlideCollectionViewCell.xib */; };
		C8B83A6C243D85F0002EF03D /* SlideViewCell.swift in Sources */ = {isa = PBXBuildFile; fileRef = C8B83A6A243D85F0002EF03D /* SlideViewCell.swift */; };
		C8B83A6D243D85F0002EF03D /* SlideViewCell.xib in Resources */ = {isa = PBXBuildFile; fileRef = C8B83A6B243D85F0002EF03D /* SlideViewCell.xib */; };
		C8BD9F862468F77100AED94D /* FilterViewController.swift in Sources */ = {isa = PBXBuildFile; fileRef = C8BD9F842468F77100AED94D /* FilterViewController.swift */; };
		C8BD9F872468F77100AED94D /* FilterViewController.xib in Resources */ = {isa = PBXBuildFile; fileRef = C8BD9F852468F77100AED94D /* FilterViewController.xib */; };
		C8C36554243972BF009A691A /* MorePageViewController.swift in Sources */ = {isa = PBXBuildFile; fileRef = C8C36553243972BF009A691A /* MorePageViewController.swift */; };
		C8C8061824723C9F0057364F /* BottomActionViewController.swift in Sources */ = {isa = PBXBuildFile; fileRef = C8C8061624723C9F0057364F /* BottomActionViewController.swift */; };
		C8C8061924723C9F0057364F /* BottomActionViewController.xib in Resources */ = {isa = PBXBuildFile; fileRef = C8C8061724723C9F0057364F /* BottomActionViewController.xib */; };
		C8C8061B24723FB80057364F /* Test4ViewController.swift in Sources */ = {isa = PBXBuildFile; fileRef = C8C8061A24723FB80057364F /* Test4ViewController.swift */; };
		C8C8062224725FB60057364F /* HeaderTabCell.swift in Sources */ = {isa = PBXBuildFile; fileRef = C8C8062024725FB60057364F /* HeaderTabCell.swift */; };
		C8C8062324725FB60057364F /* HeaderTabCell.xib in Resources */ = {isa = PBXBuildFile; fileRef = C8C8062124725FB60057364F /* HeaderTabCell.xib */; };
		C8C888682435A5AF001C46D6 /* NetworkManager.swift in Sources */ = {isa = PBXBuildFile; fileRef = C8C888672435A5AF001C46D6 /* NetworkManager.swift */; };
		C8C8886A2435A5BD001C46D6 /* Results.swift in Sources */ = {isa = PBXBuildFile; fileRef = C8C888692435A5BD001C46D6 /* Results.swift */; };
		C8C8886C2435A5CA001C46D6 /* Movie.swift in Sources */ = {isa = PBXBuildFile; fileRef = C8C8886B2435A5CA001C46D6 /* Movie.swift */; };
		C8C8886E2435A819001C46D6 /* Genres.swift in Sources */ = {isa = PBXBuildFile; fileRef = C8C8886D2435A819001C46D6 /* Genres.swift */; };
		C8C888782435E3AA001C46D6 /* PopularViewCell.swift in Sources */ = {isa = PBXBuildFile; fileRef = C8C888762435E3AA001C46D6 /* PopularViewCell.swift */; };
		C8C888792435E3AA001C46D6 /* PopularViewCell.xib in Resources */ = {isa = PBXBuildFile; fileRef = C8C888772435E3AA001C46D6 /* PopularViewCell.xib */; };
		C8D6D7232452C2FE009DDAF9 /* CategoryTableViewCell.swift in Sources */ = {isa = PBXBuildFile; fileRef = C8D6D7212452C2FE009DDAF9 /* CategoryTableViewCell.swift */; };
		C8D6D7242452C2FE009DDAF9 /* CategoryTableViewCell.xib in Resources */ = {isa = PBXBuildFile; fileRef = C8D6D7222452C2FE009DDAF9 /* CategoryTableViewCell.xib */; };
		C8DA53E224361673007E3003 /* MovieCollectionViewCell.swift in Sources */ = {isa = PBXBuildFile; fileRef = C8DA53E024361673007E3003 /* MovieCollectionViewCell.swift */; };
		C8DA53E324361673007E3003 /* MovieCollectionViewCell.xib in Resources */ = {isa = PBXBuildFile; fileRef = C8DA53E124361673007E3003 /* MovieCollectionViewCell.xib */; };
		C8E4A813244D749E00FDC97C /* InformationTableViewCell.swift in Sources */ = {isa = PBXBuildFile; fileRef = C8E4A812244D749E00FDC97C /* InformationTableViewCell.swift */; };
		C8E8E0152446E02C002456B1 /* StarRatingTableViewCell.swift in Sources */ = {isa = PBXBuildFile; fileRef = C8E8E0142446E02C002456B1 /* StarRatingTableViewCell.swift */; };
		C8EC1DA8246E4E4500181972 /* StatusChip.xib in Resources */ = {isa = PBXBuildFile; fileRef = C8EC1DA7246E4E4500181972 /* StatusChip.xib */; };
		C8EC1DAA246E4F6100181972 /* StatusChip.swift in Sources */ = {isa = PBXBuildFile; fileRef = C8EC1DA9246E4F6100181972 /* StatusChip.swift */; };
		C8EC1DAC246E767300181972 /* Test3ViewController.swift in Sources */ = {isa = PBXBuildFile; fileRef = C8EC1DAB246E767300181972 /* Test3ViewController.swift */; };
		C8ECBF50246CFCBE00DE0A90 /* SlidingTabController.swift in Sources */ = {isa = PBXBuildFile; fileRef = C8ECBF4F246CFCBE00DE0A90 /* SlidingTabController.swift */; };
		C8ECBF52246D091F00DE0A90 /* MainPagerViewController.swift in Sources */ = {isa = PBXBuildFile; fileRef = C8ECBF51246D091F00DE0A90 /* MainPagerViewController.swift */; };
		C8ECBF54246D092B00DE0A90 /* Test2ViewController.swift in Sources */ = {isa = PBXBuildFile; fileRef = C8ECBF53246D092B00DE0A90 /* Test2ViewController.swift */; };
		C8EF8472243CB9260000D690 /* Pods_iplix.framework in Embed Frameworks */ = {isa = PBXBuildFile; fileRef = 98919107861E44909AF56BA7 /* Pods_iplix.framework */; settings = {ATTRIBUTES = (CodeSignOnCopy, RemoveHeadersOnCopy, ); }; };
		C8F4E5C02446FB620070E6D7 /* ReviewCommentTableViewCell.swift in Sources */ = {isa = PBXBuildFile; fileRef = C8F4E5BF2446FB620070E6D7 /* ReviewCommentTableViewCell.swift */; };
		C8F4E5C2244708FB0070E6D7 /* TitleReviewTableViewCell.swift in Sources */ = {isa = PBXBuildFile; fileRef = C8F4E5C1244708FB0070E6D7 /* TitleReviewTableViewCell.swift */; };
		C8FB314524497AA900E9B637 /* CategoriesViewController.swift in Sources */ = {isa = PBXBuildFile; fileRef = C8FB314424497AA900E9B637 /* CategoriesViewController.swift */; };
/* End PBXBuildFile section */

/* Begin PBXCopyFilesBuildPhase section */
		C8EF8473243CB9260000D690 /* Embed Frameworks */ = {
			isa = PBXCopyFilesBuildPhase;
			buildActionMask = 2147483647;
			dstPath = "";
			dstSubfolderSpec = 10;
			files = (
				C8EF8472243CB9260000D690 /* Pods_iplix.framework in Embed Frameworks */,
			);
			name = "Embed Frameworks";
			runOnlyForDeploymentPostprocessing = 0;
		};
/* End PBXCopyFilesBuildPhase section */

/* Begin PBXFileReference section */
		98919107861E44909AF56BA7 /* Pods_iplix.framework */ = {isa = PBXFileReference; explicitFileType = wrapper.framework; includeInIndex = 0; path = Pods_iplix.framework; sourceTree = BUILT_PRODUCTS_DIR; };
		9B72811C399B0BF9AC7ED6CB /* Pods_iplix.framework */ = {isa = PBXFileReference; explicitFileType = wrapper.framework; includeInIndex = 0; path = Pods_iplix.framework; sourceTree = BUILT_PRODUCTS_DIR; };
		C102AAD9D6F080A1D6186857 /* Pods-iplix.release.xcconfig */ = {isa = PBXFileReference; includeInIndex = 1; lastKnownFileType = text.xcconfig; name = "Pods-iplix.release.xcconfig"; path = "Target Support Files/Pods-iplix/Pods-iplix.release.xcconfig"; sourceTree = "<group>"; };
		C170A2C1C0612321C4B14833 /* Pods-iplix.debug.xcconfig */ = {isa = PBXFileReference; includeInIndex = 1; lastKnownFileType = text.xcconfig; name = "Pods-iplix.debug.xcconfig"; path = "Target Support Files/Pods-iplix/Pods-iplix.debug.xcconfig"; sourceTree = "<group>"; };
		C805CEE2244D75CC0055D47C /* ProductionCompany.swift */ = {isa = PBXFileReference; lastKnownFileType = sourcecode.swift; path = ProductionCompany.swift; sourceTree = "<group>"; };
		C805CEE4244D76820055D47C /* MovieDetail.swift */ = {isa = PBXFileReference; lastKnownFileType = sourcecode.swift; path = MovieDetail.swift; sourceTree = "<group>"; };
		C807424A2462936A001A74F8 /* HamburgerMenu.swift */ = {isa = PBXFileReference; lastKnownFileType = sourcecode.swift; path = HamburgerMenu.swift; sourceTree = "<group>"; };
		C807424C24629377001A74F8 /* HamburgerMenu.xib */ = {isa = PBXFileReference; lastKnownFileType = file.xib; path = HamburgerMenu.xib; sourceTree = "<group>"; };
		C810531E245041200005DBA7 /* ProfileTableViewCell.swift */ = {isa = PBXFileReference; lastKnownFileType = sourcecode.swift; path = ProfileTableViewCell.swift; sourceTree = "<group>"; };
		C81053202450412D0005DBA7 /* NameProfileTableViewCell.swift */ = {isa = PBXFileReference; lastKnownFileType = sourcecode.swift; path = NameProfileTableViewCell.swift; sourceTree = "<group>"; };
		C81053222450413A0005DBA7 /* EmailProfileTableViewCell.swift */ = {isa = PBXFileReference; lastKnownFileType = sourcecode.swift; path = EmailProfileTableViewCell.swift; sourceTree = "<group>"; };
		C82B8A0A246B932200C9DC2F /* TestViewController.swift */ = {isa = PBXFileReference; lastKnownFileType = sourcecode.swift; path = TestViewController.swift; sourceTree = "<group>"; };
		C82B8A0B246B932200C9DC2F /* TestViewController.xib */ = {isa = PBXFileReference; lastKnownFileType = file.xib; path = TestViewController.xib; sourceTree = "<group>"; };
		C82B8A0E246BD7F300C9DC2F /* Filter.swift */ = {isa = PBXFileReference; lastKnownFileType = sourcecode.swift; path = Filter.swift; sourceTree = "<group>"; };
		C82C9FA024692A72006A9204 /* FilterTableViewCell.swift */ = {isa = PBXFileReference; lastKnownFileType = sourcecode.swift; path = FilterTableViewCell.swift; sourceTree = "<group>"; };
		C82C9FA124692A72006A9204 /* FilterTableViewCell.xib */ = {isa = PBXFileReference; lastKnownFileType = file.xib; path = FilterTableViewCell.xib; sourceTree = "<group>"; };
		C82DA46B246ADEBE00B5A52E /* ChipsCollectionViewCell.swift */ = {isa = PBXFileReference; lastKnownFileType = sourcecode.swift; path = ChipsCollectionViewCell.swift; sourceTree = "<group>"; };
		C82DA46C246ADEBE00B5A52E /* ChipsCollectionViewCell.xib */ = {isa = PBXFileReference; lastKnownFileType = file.xib; path = ChipsCollectionViewCell.xib; sourceTree = "<group>"; };
		C82DA46F246AEDBE00B5A52E /* Testing.xib */ = {isa = PBXFileReference; lastKnownFileType = file.xib; path = Testing.xib; sourceTree = "<group>"; };
		C82E1513245A97E8004F3C6E /* StarRatingTableViewCell.xib */ = {isa = PBXFileReference; lastKnownFileType = file.xib; path = StarRatingTableViewCell.xib; sourceTree = "<group>"; };
		C82E1515245A981F004F3C6E /* TitleReviewTableViewCell.xib */ = {isa = PBXFileReference; lastKnownFileType = file.xib; path = TitleReviewTableViewCell.xib; sourceTree = "<group>"; };
		C82E1517245A9842004F3C6E /* ReviewCommentTableViewCell.xib */ = {isa = PBXFileReference; lastKnownFileType = file.xib; path = ReviewCommentTableViewCell.xib; sourceTree = "<group>"; };
		C82E1519245A9BB1004F3C6E /* NotificationTableViewCell.swift */ = {isa = PBXFileReference; lastKnownFileType = sourcecode.swift; path = NotificationTableViewCell.swift; sourceTree = "<group>"; };
		C82E151A245A9BB1004F3C6E /* NotificationTableViewCell.xib */ = {isa = PBXFileReference; lastKnownFileType = file.xib; path = NotificationTableViewCell.xib; sourceTree = "<group>"; };
		C82E151E245A9D3C004F3C6E /* Notifications.swift */ = {isa = PBXFileReference; lastKnownFileType = sourcecode.swift; path = Notifications.swift; sourceTree = "<group>"; };
		C833084224653081005E03BE /* BottomSheetView.xib */ = {isa = PBXFileReference; lastKnownFileType = file.xib; path = BottomSheetView.xib; sourceTree = "<group>"; };
		C8330844246543B6005E03BE /* BottomSheetView.swift */ = {isa = PBXFileReference; lastKnownFileType = sourcecode.swift; path = BottomSheetView.swift; sourceTree = "<group>"; };
		C838C1C0243ECEE700E106EE /* AccountViewController.swift */ = {isa = PBXFileReference; lastKnownFileType = sourcecode.swift; path = AccountViewController.swift; sourceTree = "<group>"; };
		C838C1C6243F08E900E106EE /* GoogleService-Info.plist */ = {isa = PBXFileReference; fileEncoding = 4; lastKnownFileType = text.plist.xml; name = "GoogleService-Info.plist"; path = "../../../../../Desktop/GoogleService-Info.plist"; sourceTree = "<group>"; };
		C83AF17A244EEB1E00AFED09 /* NotificationViewController.swift */ = {isa = PBXFileReference; lastKnownFileType = sourcecode.swift; path = NotificationViewController.swift; sourceTree = "<group>"; };
		C8435E912456C61400BCD782 /* AccountTableViewCell.swift */ = {isa = PBXFileReference; lastKnownFileType = sourcecode.swift; path = AccountTableViewCell.swift; sourceTree = "<group>"; };
		C8435E922456C61400BCD782 /* AccountTableViewCell.xib */ = {isa = PBXFileReference; lastKnownFileType = file.xib; path = AccountTableViewCell.xib; sourceTree = "<group>"; };
		C8435E952456CE0500BCD782 /* LogoutTableViewCell.swift */ = {isa = PBXFileReference; lastKnownFileType = sourcecode.swift; path = LogoutTableViewCell.swift; sourceTree = "<group>"; };
		C8435E962456CE0500BCD782 /* LogoutTableViewCell.xib */ = {isa = PBXFileReference; lastKnownFileType = file.xib; path = LogoutTableViewCell.xib; sourceTree = "<group>"; };
		C8435E992456EAAB00BCD782 /* ProfileTableViewCell.xib */ = {isa = PBXFileReference; lastKnownFileType = file.xib; path = ProfileTableViewCell.xib; sourceTree = "<group>"; };
		C8435E9B2456ECD900BCD782 /* NameProfileTableViewCell.xib */ = {isa = PBXFileReference; lastKnownFileType = file.xib; path = NameProfileTableViewCell.xib; sourceTree = "<group>"; };
		C8435E9D2456EFA600BCD782 /* EmailProfileTableViewCell.xib */ = {isa = PBXFileReference; lastKnownFileType = file.xib; path = EmailProfileTableViewCell.xib; sourceTree = "<group>"; };
		C84C4825244422B7003FF8B1 /* SearchTableViewCell.swift */ = {isa = PBXFileReference; lastKnownFileType = sourcecode.swift; path = SearchTableViewCell.swift; sourceTree = "<group>"; };
		C84C4826244422B7003FF8B1 /* SearchTableViewCell.xib */ = {isa = PBXFileReference; lastKnownFileType = file.xib; path = SearchTableViewCell.xib; sourceTree = "<group>"; };
		C84C4829244444E4003FF8B1 /* LoginViewController.swift */ = {isa = PBXFileReference; lastKnownFileType = sourcecode.swift; path = LoginViewController.swift; sourceTree = "<group>"; };
		C84C482B24444A4A003FF8B1 /* RegisterViewController.swift */ = {isa = PBXFileReference; lastKnownFileType = sourcecode.swift; path = RegisterViewController.swift; sourceTree = "<group>"; };
		C84C482D24445269003FF8B1 /* DetailAccountViewController.swift */ = {isa = PBXFileReference; lastKnownFileType = sourcecode.swift; path = DetailAccountViewController.swift; sourceTree = "<group>"; };
		C85B237F24611C0300C9635A /* AlertView.xib */ = {isa = PBXFileReference; lastKnownFileType = file.xib; path = AlertView.xib; sourceTree = "<group>"; };
		C85B2382246148E500C9635A /* AlertView.swift */ = {isa = PBXFileReference; lastKnownFileType = sourcecode.swift; path = AlertView.swift; sourceTree = "<group>"; };
		C85C7613243C36C3001C3CB1 /* CommentTableViewCell.swift */ = {isa = PBXFileReference; lastKnownFileType = sourcecode.swift; path = CommentTableViewCell.swift; sourceTree = "<group>"; };
		C85C7614243C36C3001C3CB1 /* CommentTableViewCell.xib */ = {isa = PBXFileReference; lastKnownFileType = file.xib; path = CommentTableViewCell.xib; sourceTree = "<group>"; };
		C85C761A243C4C1B001C3CB1 /* MovieTableViewCell.swift */ = {isa = PBXFileReference; lastKnownFileType = sourcecode.swift; path = MovieTableViewCell.swift; sourceTree = "<group>"; };
		C85C761B243C4C1B001C3CB1 /* MovieTableViewCell.xib */ = {isa = PBXFileReference; lastKnownFileType = file.xib; path = MovieTableViewCell.xib; sourceTree = "<group>"; };
		C85C761E243C789B001C3CB1 /* CastSegmentTableViewCell.swift */ = {isa = PBXFileReference; lastKnownFileType = sourcecode.swift; path = CastSegmentTableViewCell.swift; sourceTree = "<group>"; };
		C85C7620243C7911001C3CB1 /* Casts.swift */ = {isa = PBXFileReference; lastKnownFileType = sourcecode.swift; path = Casts.swift; sourceTree = "<group>"; };
		C8783CD22434A1920015F92B /* CategoryPageViewController.swift */ = {isa = PBXFileReference; lastKnownFileType = sourcecode.swift; path = CategoryPageViewController.swift; sourceTree = "<group>"; };
		C87A751E2445AE5600FF7F65 /* FavoriteViewController.swift */ = {isa = PBXFileReference; lastKnownFileType = sourcecode.swift; path = FavoriteViewController.swift; sourceTree = "<group>"; };
		C883F514243893AD00B8E791 /* AboutSegmentTableViewCell.swift */ = {isa = PBXFileReference; lastKnownFileType = sourcecode.swift; path = AboutSegmentTableViewCell.swift; sourceTree = "<group>"; };
		C883F5182438AC8400B8E791 /* RatingTableViewCell.swift */ = {isa = PBXFileReference; lastKnownFileType = sourcecode.swift; path = RatingTableViewCell.swift; sourceTree = "<group>"; };
		C883F5192438AC8400B8E791 /* RatingTableViewCell.xib */ = {isa = PBXFileReference; lastKnownFileType = file.xib; path = RatingTableViewCell.xib; sourceTree = "<group>"; };
		C883F51C2438B9C400B8E791 /* AddReviewTableViewCell.swift */ = {isa = PBXFileReference; lastKnownFileType = sourcecode.swift; path = AddReviewTableViewCell.swift; sourceTree = "<group>"; };
		C883F51D2438B9C400B8E791 /* AddReviewTableViewCell.xib */ = {isa = PBXFileReference; lastKnownFileType = file.xib; path = AddReviewTableViewCell.xib; sourceTree = "<group>"; };
		C883F5202438BEFC00B8E791 /* AddReviewViewController.swift */ = {isa = PBXFileReference; lastKnownFileType = sourcecode.swift; path = AddReviewViewController.swift; sourceTree = "<group>"; };
		C888BE172448303C0040F435 /* Constants.swift */ = {isa = PBXFileReference; lastKnownFileType = sourcecode.swift; path = Constants.swift; sourceTree = "<group>"; };
		C888BE1B244841C40040F435 /* Helper.swift */ = {isa = PBXFileReference; lastKnownFileType = sourcecode.swift; path = Helper.swift; sourceTree = "<group>"; };
		C888BE1D244857D30040F435 /* Ratings.swift */ = {isa = PBXFileReference; lastKnownFileType = sourcecode.swift; path = Ratings.swift; sourceTree = "<group>"; };
		C88975EC245960BB00370BF5 /* CastSegmentTableViewCell.xib */ = {isa = PBXFileReference; lastKnownFileType = file.xib; path = CastSegmentTableViewCell.xib; sourceTree = "<group>"; };
		C88975EE2459611800370BF5 /* InformationTableViewCell.xib */ = {isa = PBXFileReference; lastKnownFileType = file.xib; path = InformationTableViewCell.xib; sourceTree = "<group>"; };
		C88E0D36243F1DDC009AFC2D /* SearchViewController.swift */ = {isa = PBXFileReference; lastKnownFileType = sourcecode.swift; path = SearchViewController.swift; sourceTree = "<group>"; };
		C89304302434693D00938A2D /* iplix.app */ = {isa = PBXFileReference; explicitFileType = wrapper.application; includeInIndex = 0; path = iplix.app; sourceTree = BUILT_PRODUCTS_DIR; };
		C89304332434693D00938A2D /* AppDelegate.swift */ = {isa = PBXFileReference; lastKnownFileType = sourcecode.swift; path = AppDelegate.swift; sourceTree = "<group>"; };
		C89304352434693D00938A2D /* SceneDelegate.swift */ = {isa = PBXFileReference; lastKnownFileType = sourcecode.swift; path = SceneDelegate.swift; sourceTree = "<group>"; };
		C89304372434693D00938A2D /* ViewController.swift */ = {isa = PBXFileReference; lastKnownFileType = sourcecode.swift; path = ViewController.swift; sourceTree = "<group>"; };
		C893043A2434693D00938A2D /* Base */ = {isa = PBXFileReference; lastKnownFileType = file.storyboard; name = Base; path = Base.lproj/Main.storyboard; sourceTree = "<group>"; };
		C893043C2434694100938A2D /* Assets.xcassets */ = {isa = PBXFileReference; lastKnownFileType = folder.assetcatalog; path = Assets.xcassets; sourceTree = "<group>"; };
		C893043F2434694100938A2D /* Base */ = {isa = PBXFileReference; lastKnownFileType = file.storyboard; name = Base; path = Base.lproj/LaunchScreen.storyboard; sourceTree = "<group>"; };
		C89304412434694100938A2D /* Info.plist */ = {isa = PBXFileReference; lastKnownFileType = text.plist.xml; path = Info.plist; sourceTree = "<group>"; };
		C8983738243B66C800ECFCF7 /* RatingTableViewCell.1xib */ = {isa = PBXFileReference; fileEncoding = 4; lastKnownFileType = text.xml; name = RatingTableViewCell.1xib; path = ../../../../../../../../Downloads/RatingTableViewCell.1xib; sourceTree = "<group>"; };
		C8AE94EF2459577C00267397 /* AboutSegmentTableViewCell.xib */ = {isa = PBXFileReference; lastKnownFileType = file.xib; path = AboutSegmentTableViewCell.xib; sourceTree = "<group>"; };
		C8AEF9EC2447392F002B2158 /* Review.swift */ = {isa = PBXFileReference; lastKnownFileType = sourcecode.swift; path = Review.swift; sourceTree = "<group>"; };
		C8B0D3B6243886EB005D3941 /* MovieDetailViewController.swift */ = {isa = PBXFileReference; lastKnownFileType = sourcecode.swift; path = MovieDetailViewController.swift; sourceTree = "<group>"; };
		C8B83A66243D7E97002EF03D /* SlideCollectionViewCell.swift */ = {isa = PBXFileReference; lastKnownFileType = sourcecode.swift; path = SlideCollectionViewCell.swift; sourceTree = "<group>"; };
		C8B83A67243D7E97002EF03D /* SlideCollectionViewCell.xib */ = {isa = PBXFileReference; lastKnownFileType = file.xib; path = SlideCollectionViewCell.xib; sourceTree = "<group>"; };
		C8B83A6A243D85F0002EF03D /* SlideViewCell.swift */ = {isa = PBXFileReference; lastKnownFileType = sourcecode.swift; path = SlideViewCell.swift; sourceTree = "<group>"; };
		C8B83A6B243D85F0002EF03D /* SlideViewCell.xib */ = {isa = PBXFileReference; lastKnownFileType = file.xib; path = SlideViewCell.xib; sourceTree = "<group>"; };
		C8BD9F842468F77100AED94D /* FilterViewController.swift */ = {isa = PBXFileReference; lastKnownFileType = sourcecode.swift; path = FilterViewController.swift; sourceTree = "<group>"; };
		C8BD9F852468F77100AED94D /* FilterViewController.xib */ = {isa = PBXFileReference; lastKnownFileType = file.xib; path = FilterViewController.xib; sourceTree = "<group>"; };
		C8C36553243972BF009A691A /* MorePageViewController.swift */ = {isa = PBXFileReference; lastKnownFileType = sourcecode.swift; path = MorePageViewController.swift; sourceTree = "<group>"; };
		C8C8061624723C9F0057364F /* BottomActionViewController.swift */ = {isa = PBXFileReference; lastKnownFileType = sourcecode.swift; path = BottomActionViewController.swift; sourceTree = "<group>"; };
		C8C8061724723C9F0057364F /* BottomActionViewController.xib */ = {isa = PBXFileReference; lastKnownFileType = file.xib; path = BottomActionViewController.xib; sourceTree = "<group>"; };
		C8C8061A24723FB80057364F /* Test4ViewController.swift */ = {isa = PBXFileReference; lastKnownFileType = sourcecode.swift; path = Test4ViewController.swift; sourceTree = "<group>"; };
		C8C8062024725FB60057364F /* HeaderTabCell.swift */ = {isa = PBXFileReference; lastKnownFileType = sourcecode.swift; path = HeaderTabCell.swift; sourceTree = "<group>"; };
		C8C8062124725FB60057364F /* HeaderTabCell.xib */ = {isa = PBXFileReference; lastKnownFileType = file.xib; path = HeaderTabCell.xib; sourceTree = "<group>"; };
		C8C888672435A5AF001C46D6 /* NetworkManager.swift */ = {isa = PBXFileReference; lastKnownFileType = sourcecode.swift; path = NetworkManager.swift; sourceTree = "<group>"; };
		C8C888692435A5BD001C46D6 /* Results.swift */ = {isa = PBXFileReference; lastKnownFileType = sourcecode.swift; path = Results.swift; sourceTree = "<group>"; };
		C8C8886B2435A5CA001C46D6 /* Movie.swift */ = {isa = PBXFileReference; lastKnownFileType = sourcecode.swift; path = Movie.swift; sourceTree = "<group>"; };
		C8C8886D2435A819001C46D6 /* Genres.swift */ = {isa = PBXFileReference; lastKnownFileType = sourcecode.swift; path = Genres.swift; sourceTree = "<group>"; };
		C8C888762435E3AA001C46D6 /* PopularViewCell.swift */ = {isa = PBXFileReference; lastKnownFileType = sourcecode.swift; path = PopularViewCell.swift; sourceTree = "<group>"; };
		C8C888772435E3AA001C46D6 /* PopularViewCell.xib */ = {isa = PBXFileReference; lastKnownFileType = file.xib; path = PopularViewCell.xib; sourceTree = "<group>"; };
		C8D6D7212452C2FE009DDAF9 /* CategoryTableViewCell.swift */ = {isa = PBXFileReference; lastKnownFileType = sourcecode.swift; path = CategoryTableViewCell.swift; sourceTree = "<group>"; };
		C8D6D7222452C2FE009DDAF9 /* CategoryTableViewCell.xib */ = {isa = PBXFileReference; lastKnownFileType = file.xib; path = CategoryTableViewCell.xib; sourceTree = "<group>"; };
		C8DA53E024361673007E3003 /* MovieCollectionViewCell.swift */ = {isa = PBXFileReference; lastKnownFileType = sourcecode.swift; path = MovieCollectionViewCell.swift; sourceTree = "<group>"; };
		C8DA53E124361673007E3003 /* MovieCollectionViewCell.xib */ = {isa = PBXFileReference; lastKnownFileType = file.xib; path = MovieCollectionViewCell.xib; sourceTree = "<group>"; };
		C8E4A812244D749E00FDC97C /* InformationTableViewCell.swift */ = {isa = PBXFileReference; lastKnownFileType = sourcecode.swift; path = InformationTableViewCell.swift; sourceTree = "<group>"; };
		C8E8E0142446E02C002456B1 /* StarRatingTableViewCell.swift */ = {isa = PBXFileReference; lastKnownFileType = sourcecode.swift; path = StarRatingTableViewCell.swift; sourceTree = "<group>"; };
		C8EC1DA7246E4E4500181972 /* StatusChip.xib */ = {isa = PBXFileReference; lastKnownFileType = file.xib; path = StatusChip.xib; sourceTree = "<group>"; };
		C8EC1DA9246E4F6100181972 /* StatusChip.swift */ = {isa = PBXFileReference; lastKnownFileType = sourcecode.swift; path = StatusChip.swift; sourceTree = "<group>"; };
		C8EC1DAB246E767300181972 /* Test3ViewController.swift */ = {isa = PBXFileReference; lastKnownFileType = sourcecode.swift; path = Test3ViewController.swift; sourceTree = "<group>"; };
		C8ECBF4F246CFCBE00DE0A90 /* SlidingTabController.swift */ = {isa = PBXFileReference; lastKnownFileType = sourcecode.swift; path = SlidingTabController.swift; sourceTree = "<group>"; };
		C8ECBF51246D091F00DE0A90 /* MainPagerViewController.swift */ = {isa = PBXFileReference; lastKnownFileType = sourcecode.swift; path = MainPagerViewController.swift; sourceTree = "<group>"; };
		C8ECBF53246D092B00DE0A90 /* Test2ViewController.swift */ = {isa = PBXFileReference; lastKnownFileType = sourcecode.swift; path = Test2ViewController.swift; sourceTree = "<group>"; };
		C8F4E5BF2446FB620070E6D7 /* ReviewCommentTableViewCell.swift */ = {isa = PBXFileReference; lastKnownFileType = sourcecode.swift; path = ReviewCommentTableViewCell.swift; sourceTree = "<group>"; };
		C8F4E5C1244708FB0070E6D7 /* TitleReviewTableViewCell.swift */ = {isa = PBXFileReference; lastKnownFileType = sourcecode.swift; path = TitleReviewTableViewCell.swift; sourceTree = "<group>"; };
		C8FB314424497AA900E9B637 /* CategoriesViewController.swift */ = {isa = PBXFileReference; lastKnownFileType = sourcecode.swift; path = CategoriesViewController.swift; sourceTree = "<group>"; };
/* End PBXFileReference section */

/* Begin PBXFrameworksBuildPhase section */
		C893042D2434693D00938A2D /* Frameworks */ = {
			isa = PBXFrameworksBuildPhase;
			buildActionMask = 2147483647;
			files = (
				AB818929CBBB3B6B08E8EAAC /* Pods_iplix.framework in Frameworks */,
			);
			runOnlyForDeploymentPostprocessing = 0;
		};
/* End PBXFrameworksBuildPhase section */

/* Begin PBXGroup section */
		316FCCD36CE9D358F719E31C /* Frameworks */ = {
			isa = PBXGroup;
			children = (
				9B72811C399B0BF9AC7ED6CB /* Pods_iplix.framework */,
			);
			name = Frameworks;
			sourceTree = "<group>";
		};
		B4CBB32977172B925545AF31 /* Pods */ = {
			isa = PBXGroup;
			children = (
				C170A2C1C0612321C4B14833 /* Pods-iplix.debug.xcconfig */,
				C102AAD9D6F080A1D6186857 /* Pods-iplix.release.xcconfig */,
			);
			path = Pods;
			sourceTree = "<group>";
		};
		C807BE2B24373234002CA7FC /* Controller */ = {
			isa = PBXGroup;
			children = (
				C883F5202438BEFC00B8E791 /* AddReviewViewController.swift */,
				C89304372434693D00938A2D /* ViewController.swift */,
				C8B0D3B6243886EB005D3941 /* MovieDetailViewController.swift */,
				C8C36553243972BF009A691A /* MorePageViewController.swift */,
				C838C1C0243ECEE700E106EE /* AccountViewController.swift */,
				C88E0D36243F1DDC009AFC2D /* SearchViewController.swift */,
				C84C4829244444E4003FF8B1 /* LoginViewController.swift */,
				C84C482B24444A4A003FF8B1 /* RegisterViewController.swift */,
				C84C482D24445269003FF8B1 /* DetailAccountViewController.swift */,
				C87A751E2445AE5600FF7F65 /* FavoriteViewController.swift */,
				C8FB314424497AA900E9B637 /* CategoriesViewController.swift */,
				C83AF17A244EEB1E00AFED09 /* NotificationViewController.swift */,
				C82B8A0A246B932200C9DC2F /* TestViewController.swift */,
				C82B8A0B246B932200C9DC2F /* TestViewController.xib */,
				C8ECBF51246D091F00DE0A90 /* MainPagerViewController.swift */,
				C8ECBF53246D092B00DE0A90 /* Test2ViewController.swift */,
				C8EC1DAB246E767300181972 /* Test3ViewController.swift */,
				C8C8061A24723FB80057364F /* Test4ViewController.swift */,
			);
			path = Controller;
			sourceTree = "<group>";
		};
		C810531D245040EE0005DBA7 /* Account */ = {
			isa = PBXGroup;
			children = (
				C810531E245041200005DBA7 /* ProfileTableViewCell.swift */,
				C81053202450412D0005DBA7 /* NameProfileTableViewCell.swift */,
				C81053222450413A0005DBA7 /* EmailProfileTableViewCell.swift */,
				C8435E912456C61400BCD782 /* AccountTableViewCell.swift */,
				C8435E922456C61400BCD782 /* AccountTableViewCell.xib */,
				C8435E952456CE0500BCD782 /* LogoutTableViewCell.swift */,
				C8435E962456CE0500BCD782 /* LogoutTableViewCell.xib */,
				C8435E992456EAAB00BCD782 /* ProfileTableViewCell.xib */,
				C8435E9B2456ECD900BCD782 /* NameProfileTableViewCell.xib */,
				C8435E9D2456EFA600BCD782 /* EmailProfileTableViewCell.xib */,
			);
			path = Account;
			sourceTree = "<group>";
		};
		C811EAD4246AB5DF0027EAEA /* chips */ = {
			isa = PBXGroup;
			children = (
				C82DA46B246ADEBE00B5A52E /* ChipsCollectionViewCell.swift */,
				C82DA46C246ADEBE00B5A52E /* ChipsCollectionViewCell.xib */,
				C82DA46F246AEDBE00B5A52E /* Testing.xib */,
			);
			path = chips;
			sourceTree = "<group>";
		};
		C82E151D245A9BB9004F3C6E /* Notification */ = {
			isa = PBXGroup;
			children = (
				C82E1519245A9BB1004F3C6E /* NotificationTableViewCell.swift */,
				C82E151A245A9BB1004F3C6E /* NotificationTableViewCell.xib */,
			);
			path = Notification;
			sourceTree = "<group>";
		};
		C84C482424442298003FF8B1 /* Search */ = {
			isa = PBXGroup;
			children = (
				C84C4825244422B7003FF8B1 /* SearchTableViewCell.swift */,
				C84C4826244422B7003FF8B1 /* SearchTableViewCell.xib */,
			);
			path = Search;
			sourceTree = "<group>";
		};
		C85C7617243C4BDA001C3CB1 /* More */ = {
			isa = PBXGroup;
			children = (
				C85C761A243C4C1B001C3CB1 /* MovieTableViewCell.swift */,
				C85C761B243C4C1B001C3CB1 /* MovieTableViewCell.xib */,
			);
			path = More;
			sourceTree = "<group>";
		};
		C883F5162438AC2100B8E791 /* Detail */ = {
			isa = PBXGroup;
			children = (
				C883F514243893AD00B8E791 /* AboutSegmentTableViewCell.swift */,
				C85C761E243C789B001C3CB1 /* CastSegmentTableViewCell.swift */,
				C8E4A812244D749E00FDC97C /* InformationTableViewCell.swift */,
				C883F5172438AC5E00B8E791 /* review segment */,
				C8AE94EF2459577C00267397 /* AboutSegmentTableViewCell.xib */,
				C88975EC245960BB00370BF5 /* CastSegmentTableViewCell.xib */,
				C88975EE2459611800370BF5 /* InformationTableViewCell.xib */,
			);
			path = Detail;
			sourceTree = "<group>";
		};
		C883F5172438AC5E00B8E791 /* review segment */ = {
			isa = PBXGroup;
			children = (
				C883F5182438AC8400B8E791 /* RatingTableViewCell.swift */,
				C8983738243B66C800ECFCF7 /* RatingTableViewCell.1xib */,
				C883F5192438AC8400B8E791 /* RatingTableViewCell.xib */,
				C883F51C2438B9C400B8E791 /* AddReviewTableViewCell.swift */,
				C883F51D2438B9C400B8E791 /* AddReviewTableViewCell.xib */,
				C85C7613243C36C3001C3CB1 /* CommentTableViewCell.swift */,
				C85C7614243C36C3001C3CB1 /* CommentTableViewCell.xib */,
				C8E8E0142446E02C002456B1 /* StarRatingTableViewCell.swift */,
				C82E1513245A97E8004F3C6E /* StarRatingTableViewCell.xib */,
				C8F4E5BF2446FB620070E6D7 /* ReviewCommentTableViewCell.swift */,
				C82E1517245A9842004F3C6E /* ReviewCommentTableViewCell.xib */,
				C8F4E5C1244708FB0070E6D7 /* TitleReviewTableViewCell.swift */,
				C82E1515245A981F004F3C6E /* TitleReviewTableViewCell.xib */,
			);
			path = "review segment";
			sourceTree = "<group>";
		};
		C888BE16244830220040F435 /* Utils */ = {
			isa = PBXGroup;
			children = (
				C888BE172448303C0040F435 /* Constants.swift */,
				C888BE1B244841C40040F435 /* Helper.swift */,
			);
			path = Utils;
			sourceTree = "<group>";
		};
		C88E0D34243F1D9A009AFC2D /* SlideCollectionViewCell */ = {
			isa = PBXGroup;
			children = (
				C8B83A66243D7E97002EF03D /* SlideCollectionViewCell.swift */,
				C8B83A67243D7E97002EF03D /* SlideCollectionViewCell.xib */,
			);
			path = SlideCollectionViewCell;
			sourceTree = "<group>";
		};
		C88E0D35243F1DB1009AFC2D /* SlideViewCell */ = {
			isa = PBXGroup;
			children = (
				C8B83A6A243D85F0002EF03D /* SlideViewCell.swift */,
				C8B83A6B243D85F0002EF03D /* SlideViewCell.xib */,
			);
			path = SlideViewCell;
			sourceTree = "<group>";
		};
		C89304272434693D00938A2D = {
			isa = PBXGroup;
			children = (
				C89304322434693D00938A2D /* iplix */,
				C89304312434693D00938A2D /* Products */,
				B4CBB32977172B925545AF31 /* Pods */,
				316FCCD36CE9D358F719E31C /* Frameworks */,
				C8EF847A243CB9F90000D690 /* Recovered References */,
			);
			sourceTree = "<group>";
		};
		C89304312434693D00938A2D /* Products */ = {
			isa = PBXGroup;
			children = (
				C89304302434693D00938A2D /* iplix.app */,
			);
			name = Products;
			sourceTree = "<group>";
		};
		C89304322434693D00938A2D /* iplix */ = {
			isa = PBXGroup;
			children = (
				C888BE16244830220040F435 /* Utils */,
				C8C888662435A59E001C46D6 /* Network */,
				C8C888652435A596001C46D6 /* Model */,
				C8C8886F2435D840001C46D6 /* Views */,
				C807BE2B24373234002CA7FC /* Controller */,
				C89304352434693D00938A2D /* SceneDelegate.swift */,
				C89304332434693D00938A2D /* AppDelegate.swift */,
				C8783CD22434A1920015F92B /* CategoryPageViewController.swift */,
				C893043C2434694100938A2D /* Assets.xcassets */,
				C893043E2434694100938A2D /* LaunchScreen.storyboard */,
				C89304412434694100938A2D /* Info.plist */,
				C838C1C6243F08E900E106EE /* GoogleService-Info.plist */,
			);
			path = iplix;
			sourceTree = "<group>";
		};
		C8B83A65243D7E81002EF03D /* Home */ = {
			isa = PBXGroup;
			children = (
				C88E0D35243F1DB1009AFC2D /* SlideViewCell */,
				C88E0D34243F1D9A009AFC2D /* SlideCollectionViewCell */,
			);
			path = Home;
			sourceTree = "<group>";
		};
		C8C888652435A596001C46D6 /* Model */ = {
			isa = PBXGroup;
			children = (
				C8C888692435A5BD001C46D6 /* Results.swift */,
				C8C8886B2435A5CA001C46D6 /* Movie.swift */,
				C8C8886D2435A819001C46D6 /* Genres.swift */,
				C85C7620243C7911001C3CB1 /* Casts.swift */,
				C8AEF9EC2447392F002B2158 /* Review.swift */,
				C888BE1D244857D30040F435 /* Ratings.swift */,
				C805CEE2244D75CC0055D47C /* ProductionCompany.swift */,
				C805CEE4244D76820055D47C /* MovieDetail.swift */,
				C82E151E245A9D3C004F3C6E /* Notifications.swift */,
				C82B8A0E246BD7F300C9DC2F /* Filter.swift */,
			);
			path = Model;
			sourceTree = "<group>";
		};
		C8C888662435A59E001C46D6 /* Network */ = {
			isa = PBXGroup;
			children = (
				C8C888672435A5AF001C46D6 /* NetworkManager.swift */,
			);
			path = Network;
			sourceTree = "<group>";
		};
		C8C8886F2435D840001C46D6 /* Views */ = {
			isa = PBXGroup;
			children = (
				C8EC1DA5246E4DA700181972 /* sliding_tab */,
				C8EC1DA4246E4D9200181972 /* filter */,
				C8EC1DA3246E4D8400181972 /* status_list */,
				C811EAD4246AB5DF0027EAEA /* chips */,
				C82E151D245A9BB9004F3C6E /* Notification */,
				C810531D245040EE0005DBA7 /* Account */,
				C8FB314624498AF600E9B637 /* Categories */,
				C84C482424442298003FF8B1 /* Search */,
				C8B83A65243D7E81002EF03D /* Home */,
				C85C7617243C4BDA001C3CB1 /* More */,
				C883F5162438AC2100B8E791 /* Detail */,
				C89304392434693D00938A2D /* Main.storyboard */,
				C8C888772435E3AA001C46D6 /* PopularViewCell.xib */,
				C8DA53E124361673007E3003 /* MovieCollectionViewCell.xib */,
				C8C888762435E3AA001C46D6 /* PopularViewCell.swift */,
				C8DA53E024361673007E3003 /* MovieCollectionViewCell.swift */,
				C85B237F24611C0300C9635A /* AlertView.xib */,
				C85B2382246148E500C9635A /* AlertView.swift */,
				C807424A2462936A001A74F8 /* HamburgerMenu.swift */,
				C807424C24629377001A74F8 /* HamburgerMenu.xib */,
				C833084224653081005E03BE /* BottomSheetView.xib */,
				C8330844246543B6005E03BE /* BottomSheetView.swift */,
			);
			path = Views;
			sourceTree = "<group>";
		};
		C8EC1DA3246E4D8400181972 /* status_list */ = {
			isa = PBXGroup;
			children = (
				C8EC1DA7246E4E4500181972 /* StatusChip.xib */,
				C8EC1DA9246E4F6100181972 /* StatusChip.swift */,
			);
			path = status_list;
			sourceTree = "<group>";
		};
		C8EC1DA4246E4D9200181972 /* filter */ = {
			isa = PBXGroup;
			children = (
				C8BD9F842468F77100AED94D /* FilterViewController.swift */,
				C8BD9F852468F77100AED94D /* FilterViewController.xib */,
				C82C9FA024692A72006A9204 /* FilterTableViewCell.swift */,
				C82C9FA124692A72006A9204 /* FilterTableViewCell.xib */,
				C8C8061624723C9F0057364F /* BottomActionViewController.swift */,
				C8C8061724723C9F0057364F /* BottomActionViewController.xib */,
			);
			path = filter;
			sourceTree = "<group>";
		};
		C8EC1DA5246E4DA700181972 /* sliding_tab */ = {
			isa = PBXGroup;
			children = (
				C8ECBF4F246CFCBE00DE0A90 /* SlidingTabController.swift */,
				C8C8062024725FB60057364F /* HeaderTabCell.swift */,
				C8C8062124725FB60057364F /* HeaderTabCell.xib */,
			);
			path = sliding_tab;
			sourceTree = "<group>";
		};
		C8EF847A243CB9F90000D690 /* Recovered References */ = {
			isa = PBXGroup;
			children = (
				98919107861E44909AF56BA7 /* Pods_iplix.framework */,
			);
			name = "Recovered References";
			sourceTree = "<group>";
		};
		C8FB314624498AF600E9B637 /* Categories */ = {
			isa = PBXGroup;
			children = (
				C8D6D7212452C2FE009DDAF9 /* CategoryTableViewCell.swift */,
				C8D6D7222452C2FE009DDAF9 /* CategoryTableViewCell.xib */,
			);
			path = Categories;
			sourceTree = "<group>";
		};
/* End PBXGroup section */

/* Begin PBXNativeTarget section */
		C893042F2434693D00938A2D /* iplix */ = {
			isa = PBXNativeTarget;
			buildConfigurationList = C89304442434694100938A2D /* Build configuration list for PBXNativeTarget "iplix" */;
			buildPhases = (
				4E79CC07F511B937E828100B /* [CP] Check Pods Manifest.lock */,
				C893042C2434693D00938A2D /* Sources */,
				C893042D2434693D00938A2D /* Frameworks */,
				C893042E2434693D00938A2D /* Resources */,
				C8EF8473243CB9260000D690 /* Embed Frameworks */,
				63C3D50BF58475A2C1F27D13 /* [CP] Embed Pods Frameworks */,
			);
			buildRules = (
			);
			dependencies = (
			);
			name = iplix;
			productName = iplix;
			productReference = C89304302434693D00938A2D /* iplix.app */;
			productType = "com.apple.product-type.application";
		};
/* End PBXNativeTarget section */

/* Begin PBXProject section */
		C89304282434693D00938A2D /* Project object */ = {
			isa = PBXProject;
			attributes = {
				LastSwiftUpdateCheck = 1130;
				LastUpgradeCheck = 1130;
				ORGANIZATIONNAME = "Farhan Adji";
				TargetAttributes = {
					C893042F2434693D00938A2D = {
						CreatedOnToolsVersion = 11.3.1;
					};
				};
			};
			buildConfigurationList = C893042B2434693D00938A2D /* Build configuration list for PBXProject "iplix" */;
			compatibilityVersion = "Xcode 9.3";
			developmentRegion = en;
			hasScannedForEncodings = 0;
			knownRegions = (
				en,
				Base,
			);
			mainGroup = C89304272434693D00938A2D;
			productRefGroup = C89304312434693D00938A2D /* Products */;
			projectDirPath = "";
			projectRoot = "";
			targets = (
				C893042F2434693D00938A2D /* iplix */,
			);
		};
/* End PBXProject section */

/* Begin PBXResourcesBuildPhase section */
		C893042E2434693D00938A2D /* Resources */ = {
			isa = PBXResourcesBuildPhase;
			buildActionMask = 2147483647;
			files = (
				C82DA470246AEDBE00B5A52E /* Testing.xib in Resources */,
				C88975ED245960BB00370BF5 /* CastSegmentTableViewCell.xib in Resources */,
				C838C1C7243F08E900E106EE /* GoogleService-Info.plist in Resources */,
				C8983739243B66C800ECFCF7 /* RatingTableViewCell.1xib in Resources */,
				C82E1518245A9842004F3C6E /* ReviewCommentTableViewCell.xib in Resources */,
				C883F51B2438AC8400B8E791 /* RatingTableViewCell.xib in Resources */,
				C8B83A6D243D85F0002EF03D /* SlideViewCell.xib in Resources */,
				C8DA53E324361673007E3003 /* MovieCollectionViewCell.xib in Resources */,
				C82E1514245A97E8004F3C6E /* StarRatingTableViewCell.xib in Resources */,
				C8435E9A2456EAAB00BCD782 /* ProfileTableViewCell.xib in Resources */,
				C8C8061924723C9F0057364F /* BottomActionViewController.xib in Resources */,
				C89304402434694100938A2D /* LaunchScreen.storyboard in Resources */,
				C8D6D7242452C2FE009DDAF9 /* CategoryTableViewCell.xib in Resources */,
				C833084324653081005E03BE /* BottomSheetView.xib in Resources */,
				C893043D2434694100938A2D /* Assets.xcassets in Resources */,
				C88975EF2459611800370BF5 /* InformationTableViewCell.xib in Resources */,
				C807424D24629377001A74F8 /* HamburgerMenu.xib in Resources */,
				C883F51F2438B9C400B8E791 /* AddReviewTableViewCell.xib in Resources */,
				C82E1516245A981F004F3C6E /* TitleReviewTableViewCell.xib in Resources */,
				C82C9FA324692A72006A9204 /* FilterTableViewCell.xib in Resources */,
				C8435E942456C61400BCD782 /* AccountTableViewCell.xib in Resources */,
				C85C761D243C4C1B001C3CB1 /* MovieTableViewCell.xib in Resources */,
				C82E151C245A9BB1004F3C6E /* NotificationTableViewCell.xib in Resources */,
				C8C888792435E3AA001C46D6 /* PopularViewCell.xib in Resources */,
				C85C7616243C36C3001C3CB1 /* CommentTableViewCell.xib in Resources */,
				C8BD9F872468F77100AED94D /* FilterViewController.xib in Resources */,
				C84C4828244422B7003FF8B1 /* SearchTableViewCell.xib in Resources */,
				C82B8A0D246B932200C9DC2F /* TestViewController.xib in Resources */,
				C8C8062324725FB60057364F /* HeaderTabCell.xib in Resources */,
				C8EC1DA8246E4E4500181972 /* StatusChip.xib in Resources */,
				C8435E9C2456ECD900BCD782 /* NameProfileTableViewCell.xib in Resources */,
				C8AE94F02459577C00267397 /* AboutSegmentTableViewCell.xib in Resources */,
				C8B83A69243D7E97002EF03D /* SlideCollectionViewCell.xib in Resources */,
				C893043B2434693D00938A2D /* Main.storyboard in Resources */,
				C82DA46E246ADEBE00B5A52E /* ChipsCollectionViewCell.xib in Resources */,
				C8435E9E2456EFA600BCD782 /* EmailProfileTableViewCell.xib in Resources */,
				C8435E982456CE0500BCD782 /* LogoutTableViewCell.xib in Resources */,
				C85B238124611C0300C9635A /* AlertView.xib in Resources */,
			);
			runOnlyForDeploymentPostprocessing = 0;
		};
/* End PBXResourcesBuildPhase section */

/* Begin PBXShellScriptBuildPhase section */
		4E79CC07F511B937E828100B /* [CP] Check Pods Manifest.lock */ = {
			isa = PBXShellScriptBuildPhase;
			buildActionMask = 2147483647;
			files = (
			);
			inputFileListPaths = (
			);
			inputPaths = (
				"${PODS_PODFILE_DIR_PATH}/Podfile.lock",
				"${PODS_ROOT}/Manifest.lock",
			);
			name = "[CP] Check Pods Manifest.lock";
			outputFileListPaths = (
			);
			outputPaths = (
				"$(DERIVED_FILE_DIR)/Pods-iplix-checkManifestLockResult.txt",
			);
			runOnlyForDeploymentPostprocessing = 0;
			shellPath = /bin/sh;
			shellScript = "diff \"${PODS_PODFILE_DIR_PATH}/Podfile.lock\" \"${PODS_ROOT}/Manifest.lock\" > /dev/null\nif [ $? != 0 ] ; then\n    # print error to STDERR\n    echo \"error: The sandbox is not in sync with the Podfile.lock. Run 'pod install' or update your CocoaPods installation.\" >&2\n    exit 1\nfi\n# This output is used by Xcode 'outputs' to avoid re-running this script phase.\necho \"SUCCESS\" > \"${SCRIPT_OUTPUT_FILE_0}\"\n";
			showEnvVarsInLog = 0;
		};
		63C3D50BF58475A2C1F27D13 /* [CP] Embed Pods Frameworks */ = {
			isa = PBXShellScriptBuildPhase;
			buildActionMask = 2147483647;
			files = (
			);
			inputFileListPaths = (
				"${PODS_ROOT}/Target Support Files/Pods-iplix/Pods-iplix-frameworks-${CONFIGURATION}-input-files.xcfilelist",
			);
			name = "[CP] Embed Pods Frameworks";
			outputFileListPaths = (
				"${PODS_ROOT}/Target Support Files/Pods-iplix/Pods-iplix-frameworks-${CONFIGURATION}-output-files.xcfilelist",
			);
			runOnlyForDeploymentPostprocessing = 0;
			shellPath = /bin/sh;
			shellScript = "\"${PODS_ROOT}/Target Support Files/Pods-iplix/Pods-iplix-frameworks.sh\"\n";
			showEnvVarsInLog = 0;
		};
/* End PBXShellScriptBuildPhase section */

/* Begin PBXSourcesBuildPhase section */
		C893042C2434693D00938A2D /* Sources */ = {
			isa = PBXSourcesBuildPhase;
			buildActionMask = 2147483647;
			files = (
				C84C482A244444E4003FF8B1 /* LoginViewController.swift in Sources */,
				C89304382434693D00938A2D /* ViewController.swift in Sources */,
				C805CEE5244D76820055D47C /* MovieDetail.swift in Sources */,
				C810531F245041200005DBA7 /* ProfileTableViewCell.swift in Sources */,
				C8C8886E2435A819001C46D6 /* Genres.swift in Sources */,
				C85B2383246148E500C9635A /* AlertView.swift in Sources */,
				C838C1C1243ECEE700E106EE /* AccountViewController.swift in Sources */,
				C8C8061B24723FB80057364F /* Test4ViewController.swift in Sources */,
				C883F5212438BEFC00B8E791 /* AddReviewViewController.swift in Sources */,
				C8ECBF50246CFCBE00DE0A90 /* SlidingTabController.swift in Sources */,
				C8C8886A2435A5BD001C46D6 /* Results.swift in Sources */,
				C89304342434693D00938A2D /* AppDelegate.swift in Sources */,
				C805CEE3244D75CC0055D47C /* ProductionCompany.swift in Sources */,
				C81053232450413A0005DBA7 /* EmailProfileTableViewCell.swift in Sources */,
				C8F4E5C2244708FB0070E6D7 /* TitleReviewTableViewCell.swift in Sources */,
				C82B8A0F246BD7F300C9DC2F /* Filter.swift in Sources */,
				C883F51E2438B9C400B8E791 /* AddReviewTableViewCell.swift in Sources */,
				C8F4E5C02446FB620070E6D7 /* ReviewCommentTableViewCell.swift in Sources */,
				C88E0D37243F1DDC009AFC2D /* SearchViewController.swift in Sources */,
				C84C4827244422B7003FF8B1 /* SearchTableViewCell.swift in Sources */,
				C8435E972456CE0500BCD782 /* LogoutTableViewCell.swift in Sources */,
				C8BD9F862468F77100AED94D /* FilterViewController.swift in Sources */,
				C8E4A813244D749E00FDC97C /* InformationTableViewCell.swift in Sources */,
				C8B0D3B7243886EB005D3941 /* MovieDetailViewController.swift in Sources */,
				C8C888682435A5AF001C46D6 /* NetworkManager.swift in Sources */,
				C8330845246543B6005E03BE /* BottomSheetView.swift in Sources */,
				C8ECBF54246D092B00DE0A90 /* Test2ViewController.swift in Sources */,
				C8435E932456C61400BCD782 /* AccountTableViewCell.swift in Sources */,
				C888BE1E244857D40040F435 /* Ratings.swift in Sources */,
				C82E151F245A9D3C004F3C6E /* Notifications.swift in Sources */,
				C8C8886C2435A5CA001C46D6 /* Movie.swift in Sources */,
				C85C7621243C7911001C3CB1 /* Casts.swift in Sources */,
				C81053212450412D0005DBA7 /* NameProfileTableViewCell.swift in Sources */,
				C82DA46D246ADEBE00B5A52E /* ChipsCollectionViewCell.swift in Sources */,
				C89304362434693D00938A2D /* SceneDelegate.swift in Sources */,
				C8DA53E224361673007E3003 /* MovieCollectionViewCell.swift in Sources */,
				C883F515243893AD00B8E791 /* AboutSegmentTableViewCell.swift in Sources */,
				C8B83A68243D7E97002EF03D /* SlideCollectionViewCell.swift in Sources */,
				C8B83A6C243D85F0002EF03D /* SlideViewCell.swift in Sources */,
				C85C7615243C36C3001C3CB1 /* CommentTableViewCell.swift in Sources */,
				C8ECBF52246D091F00DE0A90 /* MainPagerViewController.swift in Sources */,
				C888BE1C244841C40040F435 /* Helper.swift in Sources */,
				C85C761C243C4C1B001C3CB1 /* MovieTableViewCell.swift in Sources */,
				C87A751F2445AE5700FF7F65 /* FavoriteViewController.swift in Sources */,
				C8C36554243972BF009A691A /* MorePageViewController.swift in Sources */,
				C8C8062224725FB60057364F /* HeaderTabCell.swift in Sources */,
				C84C482C24444A4A003FF8B1 /* RegisterViewController.swift in Sources */,
				C82E151B245A9BB1004F3C6E /* NotificationTableViewCell.swift in Sources */,
				C8EC1DAA246E4F6100181972 /* StatusChip.swift in Sources */,
				C82B8A0C246B932200C9DC2F /* TestViewController.swift in Sources */,
				C83AF17B244EEB1E00AFED09 /* NotificationViewController.swift in Sources */,
				C8E8E0152446E02C002456B1 /* StarRatingTableViewCell.swift in Sources */,
				C807424B2462936B001A74F8 /* HamburgerMenu.swift in Sources */,
				C8C888782435E3AA001C46D6 /* PopularViewCell.swift in Sources */,
				C82C9FA224692A72006A9204 /* FilterTableViewCell.swift in Sources */,
				C8AEF9ED2447392F002B2158 /* Review.swift in Sources */,
				C84C482E2444526A003FF8B1 /* DetailAccountViewController.swift in Sources */,
				C883F51A2438AC8400B8E791 /* RatingTableViewCell.swift in Sources */,
				C8EC1DAC246E767300181972 /* Test3ViewController.swift in Sources */,
				C85C761F243C789B001C3CB1 /* CastSegmentTableViewCell.swift in Sources */,
				C8783CD32434A1920015F92B /* CategoryPageViewController.swift in Sources */,
				C888BE182448303C0040F435 /* Constants.swift in Sources */,
				C8FB314524497AA900E9B637 /* CategoriesViewController.swift in Sources */,
				C8D6D7232452C2FE009DDAF9 /* CategoryTableViewCell.swift in Sources */,
				C8C8061824723C9F0057364F /* BottomActionViewController.swift in Sources */,
			);
			runOnlyForDeploymentPostprocessing = 0;
		};
/* End PBXSourcesBuildPhase section */

/* Begin PBXVariantGroup section */
		C89304392434693D00938A2D /* Main.storyboard */ = {
			isa = PBXVariantGroup;
			children = (
				C893043A2434693D00938A2D /* Base */,
			);
			name = Main.storyboard;
			sourceTree = "<group>";
		};
		C893043E2434694100938A2D /* LaunchScreen.storyboard */ = {
			isa = PBXVariantGroup;
			children = (
				C893043F2434694100938A2D /* Base */,
			);
			name = LaunchScreen.storyboard;
			sourceTree = "<group>";
		};
/* End PBXVariantGroup section */

/* Begin XCBuildConfiguration section */
		C89304422434694100938A2D /* Debug */ = {
			isa = XCBuildConfiguration;
			buildSettings = {
				ALWAYS_SEARCH_USER_PATHS = NO;
				CLANG_ANALYZER_NONNULL = YES;
				CLANG_ANALYZER_NUMBER_OBJECT_CONVERSION = YES_AGGRESSIVE;
				CLANG_CXX_LANGUAGE_STANDARD = "gnu++14";
				CLANG_CXX_LIBRARY = "libc++";
				CLANG_ENABLE_MODULES = YES;
				CLANG_ENABLE_OBJC_ARC = YES;
				CLANG_ENABLE_OBJC_WEAK = YES;
				CLANG_WARN_BLOCK_CAPTURE_AUTORELEASING = YES;
				CLANG_WARN_BOOL_CONVERSION = YES;
				CLANG_WARN_COMMA = YES;
				CLANG_WARN_CONSTANT_CONVERSION = YES;
				CLANG_WARN_DEPRECATED_OBJC_IMPLEMENTATIONS = YES;
				CLANG_WARN_DIRECT_OBJC_ISA_USAGE = YES_ERROR;
				CLANG_WARN_DOCUMENTATION_COMMENTS = YES;
				CLANG_WARN_EMPTY_BODY = YES;
				CLANG_WARN_ENUM_CONVERSION = YES;
				CLANG_WARN_INFINITE_RECURSION = YES;
				CLANG_WARN_INT_CONVERSION = YES;
				CLANG_WARN_NON_LITERAL_NULL_CONVERSION = YES;
				CLANG_WARN_OBJC_IMPLICIT_RETAIN_SELF = YES;
				CLANG_WARN_OBJC_LITERAL_CONVERSION = YES;
				CLANG_WARN_OBJC_ROOT_CLASS = YES_ERROR;
				CLANG_WARN_RANGE_LOOP_ANALYSIS = YES;
				CLANG_WARN_STRICT_PROTOTYPES = YES;
				CLANG_WARN_SUSPICIOUS_MOVE = YES;
				CLANG_WARN_UNGUARDED_AVAILABILITY = YES_AGGRESSIVE;
				CLANG_WARN_UNREACHABLE_CODE = YES;
				CLANG_WARN__DUPLICATE_METHOD_MATCH = YES;
				COPY_PHASE_STRIP = NO;
				DEBUG_INFORMATION_FORMAT = dwarf;
				ENABLE_STRICT_OBJC_MSGSEND = YES;
				ENABLE_TESTABILITY = YES;
				GCC_C_LANGUAGE_STANDARD = gnu11;
				GCC_DYNAMIC_NO_PIC = NO;
				GCC_NO_COMMON_BLOCKS = YES;
				GCC_OPTIMIZATION_LEVEL = 0;
				GCC_PREPROCESSOR_DEFINITIONS = (
					"DEBUG=1",
					"$(inherited)",
				);
				GCC_WARN_64_TO_32_BIT_CONVERSION = YES;
				GCC_WARN_ABOUT_RETURN_TYPE = YES_ERROR;
				GCC_WARN_UNDECLARED_SELECTOR = YES;
				GCC_WARN_UNINITIALIZED_AUTOS = YES_AGGRESSIVE;
				GCC_WARN_UNUSED_FUNCTION = YES;
				GCC_WARN_UNUSED_VARIABLE = YES;
				IPHONEOS_DEPLOYMENT_TARGET = 13.2;
				MTL_ENABLE_DEBUG_INFO = INCLUDE_SOURCE;
				MTL_FAST_MATH = YES;
				ONLY_ACTIVE_ARCH = YES;
				SDKROOT = iphoneos;
				SWIFT_ACTIVE_COMPILATION_CONDITIONS = DEBUG;
				SWIFT_OPTIMIZATION_LEVEL = "-Onone";
			};
			name = Debug;
		};
		C89304432434694100938A2D /* Release */ = {
			isa = XCBuildConfiguration;
			buildSettings = {
				ALWAYS_SEARCH_USER_PATHS = NO;
				CLANG_ANALYZER_NONNULL = YES;
				CLANG_ANALYZER_NUMBER_OBJECT_CONVERSION = YES_AGGRESSIVE;
				CLANG_CXX_LANGUAGE_STANDARD = "gnu++14";
				CLANG_CXX_LIBRARY = "libc++";
				CLANG_ENABLE_MODULES = YES;
				CLANG_ENABLE_OBJC_ARC = YES;
				CLANG_ENABLE_OBJC_WEAK = YES;
				CLANG_WARN_BLOCK_CAPTURE_AUTORELEASING = YES;
				CLANG_WARN_BOOL_CONVERSION = YES;
				CLANG_WARN_COMMA = YES;
				CLANG_WARN_CONSTANT_CONVERSION = YES;
				CLANG_WARN_DEPRECATED_OBJC_IMPLEMENTATIONS = YES;
				CLANG_WARN_DIRECT_OBJC_ISA_USAGE = YES_ERROR;
				CLANG_WARN_DOCUMENTATION_COMMENTS = YES;
				CLANG_WARN_EMPTY_BODY = YES;
				CLANG_WARN_ENUM_CONVERSION = YES;
				CLANG_WARN_INFINITE_RECURSION = YES;
				CLANG_WARN_INT_CONVERSION = YES;
				CLANG_WARN_NON_LITERAL_NULL_CONVERSION = YES;
				CLANG_WARN_OBJC_IMPLICIT_RETAIN_SELF = YES;
				CLANG_WARN_OBJC_LITERAL_CONVERSION = YES;
				CLANG_WARN_OBJC_ROOT_CLASS = YES_ERROR;
				CLANG_WARN_RANGE_LOOP_ANALYSIS = YES;
				CLANG_WARN_STRICT_PROTOTYPES = YES;
				CLANG_WARN_SUSPICIOUS_MOVE = YES;
				CLANG_WARN_UNGUARDED_AVAILABILITY = YES_AGGRESSIVE;
				CLANG_WARN_UNREACHABLE_CODE = YES;
				CLANG_WARN__DUPLICATE_METHOD_MATCH = YES;
				COPY_PHASE_STRIP = NO;
				DEBUG_INFORMATION_FORMAT = "dwarf-with-dsym";
				ENABLE_NS_ASSERTIONS = NO;
				ENABLE_STRICT_OBJC_MSGSEND = YES;
				GCC_C_LANGUAGE_STANDARD = gnu11;
				GCC_NO_COMMON_BLOCKS = YES;
				GCC_WARN_64_TO_32_BIT_CONVERSION = YES;
				GCC_WARN_ABOUT_RETURN_TYPE = YES_ERROR;
				GCC_WARN_UNDECLARED_SELECTOR = YES;
				GCC_WARN_UNINITIALIZED_AUTOS = YES_AGGRESSIVE;
				GCC_WARN_UNUSED_FUNCTION = YES;
				GCC_WARN_UNUSED_VARIABLE = YES;
				IPHONEOS_DEPLOYMENT_TARGET = 13.2;
				MTL_ENABLE_DEBUG_INFO = NO;
				MTL_FAST_MATH = YES;
				SDKROOT = iphoneos;
				SWIFT_COMPILATION_MODE = wholemodule;
				SWIFT_OPTIMIZATION_LEVEL = "-O";
				VALIDATE_PRODUCT = YES;
			};
			name = Release;
		};
		C89304452434694100938A2D /* Debug */ = {
			isa = XCBuildConfiguration;
			baseConfigurationReference = C170A2C1C0612321C4B14833 /* Pods-iplix.debug.xcconfig */;
			buildSettings = {
				ASSETCATALOG_COMPILER_APPICON_NAME = AppIcon;
				CODE_SIGN_STYLE = Automatic;
				DEVELOPMENT_TEAM = 73MQ879465;
				INFOPLIST_FILE = iplix/Info.plist;
				LD_RUNPATH_SEARCH_PATHS = (
					"$(inherited)",
					"@executable_path/Frameworks",
				);
				PRODUCT_BUNDLE_IDENTIFIER = com.farhanadji.iplix;
				PRODUCT_NAME = "$(TARGET_NAME)";
				SWIFT_VERSION = 5.0;
				TARGETED_DEVICE_FAMILY = 1;
			};
			name = Debug;
		};
		C89304462434694100938A2D /* Release */ = {
			isa = XCBuildConfiguration;
			baseConfigurationReference = C102AAD9D6F080A1D6186857 /* Pods-iplix.release.xcconfig */;
			buildSettings = {
				ASSETCATALOG_COMPILER_APPICON_NAME = AppIcon;
				CODE_SIGN_STYLE = Automatic;
				DEVELOPMENT_TEAM = 73MQ879465;
				INFOPLIST_FILE = iplix/Info.plist;
				LD_RUNPATH_SEARCH_PATHS = (
					"$(inherited)",
					"@executable_path/Frameworks",
				);
				PRODUCT_BUNDLE_IDENTIFIER = com.farhanadji.iplix;
				PRODUCT_NAME = "$(TARGET_NAME)";
				SWIFT_VERSION = 5.0;
				TARGETED_DEVICE_FAMILY = 1;
			};
			name = Release;
		};
/* End XCBuildConfiguration section */

/* Begin XCConfigurationList section */
		C893042B2434693D00938A2D /* Build configuration list for PBXProject "iplix" */ = {
			isa = XCConfigurationList;
			buildConfigurations = (
				C89304422434694100938A2D /* Debug */,
				C89304432434694100938A2D /* Release */,
			);
			defaultConfigurationIsVisible = 0;
			defaultConfigurationName = Release;
		};
		C89304442434694100938A2D /* Build configuration list for PBXNativeTarget "iplix" */ = {
			isa = XCConfigurationList;
			buildConfigurations = (
				C89304452434694100938A2D /* Debug */,
				C89304462434694100938A2D /* Release */,
			);
			defaultConfigurationIsVisible = 0;
			defaultConfigurationName = Release;
		};
/* End XCConfigurationList section */
	};
	rootObject = C89304282434693D00938A2D /* Project object */;
}
